// !$*UTF8*$!
{
	archiveVersion = 1;
	classes = {
	};
	objectVersion = 46;
	objects = {

/* Begin PBXBuildFile section */
		600DBF2C1718DD5F00F15020 /* UIKit.framework in Frameworks */ = {isa = PBXBuildFile; fileRef = 600DBF2B1718DD5F00F15020 /* UIKit.framework */; };
		600DBF2E1718DD5F00F15020 /* Foundation.framework in Frameworks */ = {isa = PBXBuildFile; fileRef = 600DBF2D1718DD5F00F15020 /* Foundation.framework */; };
		600DBF301718DD5F00F15020 /* CoreGraphics.framework in Frameworks */ = {isa = PBXBuildFile; fileRef = 600DBF2F1718DD5F00F15020 /* CoreGraphics.framework */; };
		600DBF361718DD5F00F15020 /* InfoPlist.strings in Resources */ = {isa = PBXBuildFile; fileRef = 600DBF341718DD5F00F15020 /* InfoPlist.strings */; };
		600DBF381718DD5F00F15020 /* main.m in Sources */ = {isa = PBXBuildFile; fileRef = 600DBF371718DD5F00F15020 /* main.m */; };
		600DBF3C1718DD5F00F15020 /* AppDelegate.m in Sources */ = {isa = PBXBuildFile; fileRef = 600DBF3B1718DD5F00F15020 /* AppDelegate.m */; };
		600DBF3E1718DD5F00F15020 /* Default.png in Resources */ = {isa = PBXBuildFile; fileRef = 600DBF3D1718DD5F00F15020 /* Default.png */; };
		600DBF401718DD5F00F15020 /* Default@2x.png in Resources */ = {isa = PBXBuildFile; fileRef = 600DBF3F1718DD5F00F15020 /* Default@2x.png */; };
		600DBF421718DD5F00F15020 /* Default-568h@2x.png in Resources */ = {isa = PBXBuildFile; fileRef = 600DBF411718DD5F00F15020 /* Default-568h@2x.png */; };
		600DBF451718DD5F00F15020 /* GameViewController.m in Sources */ = {isa = PBXBuildFile; fileRef = 600DBF441718DD5F00F15020 /* GameViewController.m */; };
		600DBF481718DD5F00F15020 /* GameViewController.xib in Resources */ = {isa = PBXBuildFile; fileRef = 600DBF461718DD5F00F15020 /* GameViewController.xib */; };
		600DBF501718DD8500F15020 /* StackerRow.m in Sources */ = {isa = PBXBuildFile; fileRef = 600DBF4F1718DD8500F15020 /* StackerRow.m */; };
		600DBF561718DEE700F15020 /* StackerBox.m in Sources */ = {isa = PBXBuildFile; fileRef = 600DBF551718DEE700F15020 /* StackerBox.m */; };
		600DBF591718EBCD00F15020 /* StackerView.m in Sources */ = {isa = PBXBuildFile; fileRef = 600DBF581718EBCD00F15020 /* StackerView.m */; };
		6071F9901720FC38008A1DAE /* Icon.png in Resources */ = {isa = PBXBuildFile; fileRef = 6071F98F1720FC38008A1DAE /* Icon.png */; };
		6071F9921720FC8B008A1DAE /* Icon-s.png in Resources */ = {isa = PBXBuildFile; fileRef = 6071F9911720FC8A008A1DAE /* Icon-s.png */; };
		60834D72171E80AF004943FA /* StackerLevel.plist in Resources */ = {isa = PBXBuildFile; fileRef = 60834D71171E80AF004943FA /* StackerLevel.plist */; };
		60834D77171E8868004943FA /* MenuViewController.m in Sources */ = {isa = PBXBuildFile; fileRef = 60834D75171E8868004943FA /* MenuViewController.m */; };
		60834D78171E8868004943FA /* MenuViewController.xib in Resources */ = {isa = PBXBuildFile; fileRef = 60834D76171E8868004943FA /* MenuViewController.xib */; };
		60834D7A171E8D25004943FA /* yellow-coin@2x.png in Resources */ = {isa = PBXBuildFile; fileRef = 60834D79171E8D25004943FA /* yellow-coin@2x.png */; };
		60834D7C171E9752004943FA /* lightbulb.png in Resources */ = {isa = PBXBuildFile; fileRef = 60834D7B171E9752004943FA /* lightbulb.png */; };
		60ED7DD61751A07A001F7258 /* PBDealsRowView.m in Sources */ = {isa = PBXBuildFile; fileRef = 60ED7DD51751A079001F7258 /* PBDealsRowView.m */; };
		60ED7DD81751A091001F7258 /* PBDealsRowView.xib in Resources */ = {isa = PBXBuildFile; fileRef = 60ED7DD71751A090001F7258 /* PBDealsRowView.xib */; };
		60ED7DDC1751AD18001F7258 /* PBDealDetailsViewController.m in Sources */ = {isa = PBXBuildFile; fileRef = 60ED7DDA1751AD17001F7258 /* PBDealDetailsViewController.m */; };
		60ED7DDD1751AD18001F7258 /* PBDealDetailsViewController.xib in Resources */ = {isa = PBXBuildFile; fileRef = 60ED7DDB1751AD18001F7258 /* PBDealDetailsViewController.xib */; };
		60ED7DFA1751B1BE001F7258 /* PlaybulbDeals.plist in Resources */ = {isa = PBXBuildFile; fileRef = 60ED7DE81751B1BE001F7258 /* PlaybulbDeals.plist */; };
		60ED7E141751B856001F7258 /* alexanders-steakhouse.png in Resources */ = {isa = PBXBuildFile; fileRef = 60ED7E031751B854001F7258 /* alexanders-steakhouse.png */; };
		60ED7E151751B856001F7258 /* amazon.png in Resources */ = {isa = PBXBuildFile; fileRef = 60ED7E041751B854001F7258 /* amazon.png */; };
		60ED7E161751B856001F7258 /* aritzia.png in Resources */ = {isa = PBXBuildFile; fileRef = 60ED7E051751B854001F7258 /* aritzia.png */; };
		60ED7E171751B856001F7258 /* beauty-fusion-salon.png in Resources */ = {isa = PBXBuildFile; fileRef = 60ED7E061751B854001F7258 /* beauty-fusion-salon.png */; };
		60ED7E181751B856001F7258 /* elements-therapeutic-massage.png in Resources */ = {isa = PBXBuildFile; fileRef = 60ED7E071751B854001F7258 /* elements-therapeutic-massage.png */; };
		60ED7E191751B856001F7258 /* jurans-hair-salon.png in Resources */ = {isa = PBXBuildFile; fileRef = 60ED7E081751B854001F7258 /* jurans-hair-salon.png */; };
		60ED7E1A1751B856001F7258 /* le-papillon.png in Resources */ = {isa = PBXBuildFile; fileRef = 60ED7E091751B854001F7258 /* le-papillon.png */; };
		60ED7E1B1751B856001F7258 /* mcdonalds.png in Resources */ = {isa = PBXBuildFile; fileRef = 60ED7E0A1751B854001F7258 /* mcdonalds.png */; };
		60ED7E1C1751B856001F7258 /* parcel-104.png in Resources */ = {isa = PBXBuildFile; fileRef = 60ED7E0B1751B855001F7258 /* parcel-104.png */; };
		60ED7E1D1751B856001F7258 /* safeway.png in Resources */ = {isa = PBXBuildFile; fileRef = 60ED7E0C1751B855001F7258 /* safeway.png */; };
		60ED7E1E1751B856001F7258 /* san-francisco-shirt-company.png in Resources */ = {isa = PBXBuildFile; fileRef = 60ED7E0D1751B855001F7258 /* san-francisco-shirt-company.png */; };
		60ED7E1F1751B856001F7258 /* sawa-sushi.png in Resources */ = {isa = PBXBuildFile; fileRef = 60ED7E0E1751B855001F7258 /* sawa-sushi.png */; };
		60ED7E201751B856001F7258 /* sol-tan-salon.png in Resources */ = {isa = PBXBuildFile; fileRef = 60ED7E0F1751B855001F7258 /* sol-tan-salon.png */; };
		60ED7E211751B856001F7258 /* swati-couture-indian-fashions.png in Resources */ = {isa = PBXBuildFile; fileRef = 60ED7E101751B855001F7258 /* swati-couture-indian-fashions.png */; };
		60ED7E221751B856001F7258 /* tarragon-restaurant.png in Resources */ = {isa = PBXBuildFile; fileRef = 60ED7E111751B855001F7258 /* tarragon-restaurant.png */; };
		60ED7E231751B856001F7258 /* urban-darling.png in Resources */ = {isa = PBXBuildFile; fileRef = 60ED7E121751B856001F7258 /* urban-darling.png */; };
		60ED7E241751B856001F7258 /* white-house-black-market.png in Resources */ = {isa = PBXBuildFile; fileRef = 60ED7E131751B856001F7258 /* white-house-black-market.png */; };
		60ED7E261753FC90001F7258 /* navy_blue_@2X.png in Resources */ = {isa = PBXBuildFile; fileRef = 60ED7E251753FC90001F7258 /* navy_blue_@2X.png */; };
		60F0AEFF17518FEC00CFCC21 /* PBDeal.m in Sources */ = {isa = PBXBuildFile; fileRef = 60F0AEFE17518FEC00CFCC21 /* PBDeal.m */; };
		60F0AF021751912900CFCC21 /* PBDealView.m in Sources */ = {isa = PBXBuildFile; fileRef = 60F0AF011751912900CFCC21 /* PBDealView.m */; };
		60F0AF041751913B00CFCC21 /* PBDealView.xib in Resources */ = {isa = PBXBuildFile; fileRef = 60F0AF031751913B00CFCC21 /* PBDealView.xib */; };
		60F0AF08175191D000CFCC21 /* PBDealsViewController.m in Sources */ = {isa = PBXBuildFile; fileRef = 60F0AF06175191CE00CFCC21 /* PBDealsViewController.m */; };
		60F0AF09175191D000CFCC21 /* PBDealsViewController.xib in Resources */ = {isa = PBXBuildFile; fileRef = 60F0AF07175191CF00CFCC21 /* PBDealsViewController.xib */; };
/* End PBXBuildFile section */

/* Begin PBXFileReference section */
		600DBF281718DD5F00F15020 /* Stacker.app */ = {isa = PBXFileReference; explicitFileType = wrapper.application; includeInIndex = 0; path = Stacker.app; sourceTree = BUILT_PRODUCTS_DIR; };
		600DBF2B1718DD5F00F15020 /* UIKit.framework */ = {isa = PBXFileReference; lastKnownFileType = wrapper.framework; name = UIKit.framework; path = System/Library/Frameworks/UIKit.framework; sourceTree = SDKROOT; };
		600DBF2D1718DD5F00F15020 /* Foundation.framework */ = {isa = PBXFileReference; lastKnownFileType = wrapper.framework; name = Foundation.framework; path = System/Library/Frameworks/Foundation.framework; sourceTree = SDKROOT; };
		600DBF2F1718DD5F00F15020 /* CoreGraphics.framework */ = {isa = PBXFileReference; lastKnownFileType = wrapper.framework; name = CoreGraphics.framework; path = System/Library/Frameworks/CoreGraphics.framework; sourceTree = SDKROOT; };
		600DBF331718DD5F00F15020 /* Stacker-Info.plist */ = {isa = PBXFileReference; lastKnownFileType = text.plist.xml; path = "Stacker-Info.plist"; sourceTree = "<group>"; };
		600DBF351718DD5F00F15020 /* en */ = {isa = PBXFileReference; lastKnownFileType = text.plist.strings; name = en; path = en.lproj/InfoPlist.strings; sourceTree = "<group>"; };
		600DBF371718DD5F00F15020 /* main.m */ = {isa = PBXFileReference; lastKnownFileType = sourcecode.c.objc; path = main.m; sourceTree = "<group>"; };
		600DBF391718DD5F00F15020 /* Stacker-Prefix.pch */ = {isa = PBXFileReference; lastKnownFileType = sourcecode.c.h; path = "Stacker-Prefix.pch"; sourceTree = "<group>"; };
		600DBF3A1718DD5F00F15020 /* AppDelegate.h */ = {isa = PBXFileReference; lastKnownFileType = sourcecode.c.h; path = AppDelegate.h; sourceTree = "<group>"; };
		600DBF3B1718DD5F00F15020 /* AppDelegate.m */ = {isa = PBXFileReference; lastKnownFileType = sourcecode.c.objc; path = AppDelegate.m; sourceTree = "<group>"; };
		600DBF3D1718DD5F00F15020 /* Default.png */ = {isa = PBXFileReference; lastKnownFileType = image.png; path = Default.png; sourceTree = "<group>"; };
		600DBF3F1718DD5F00F15020 /* Default@2x.png */ = {isa = PBXFileReference; lastKnownFileType = image.png; path = "Default@2x.png"; sourceTree = "<group>"; };
		600DBF411718DD5F00F15020 /* Default-568h@2x.png */ = {isa = PBXFileReference; lastKnownFileType = image.png; path = "Default-568h@2x.png"; sourceTree = "<group>"; };
		600DBF431718DD5F00F15020 /* GameViewController.h */ = {isa = PBXFileReference; lastKnownFileType = sourcecode.c.h; path = GameViewController.h; sourceTree = "<group>"; };
		600DBF441718DD5F00F15020 /* GameViewController.m */ = {isa = PBXFileReference; lastKnownFileType = sourcecode.c.objc; path = GameViewController.m; sourceTree = "<group>"; };
		600DBF471718DD5F00F15020 /* en */ = {isa = PBXFileReference; lastKnownFileType = file.xib; name = en; path = en.lproj/GameViewController.xib; sourceTree = "<group>"; };
		600DBF4E1718DD8500F15020 /* StackerRow.h */ = {isa = PBXFileReference; fileEncoding = 4; lastKnownFileType = sourcecode.c.h; path = StackerRow.h; sourceTree = "<group>"; };
		600DBF4F1718DD8500F15020 /* StackerRow.m */ = {isa = PBXFileReference; fileEncoding = 4; lastKnownFileType = sourcecode.c.objc; path = StackerRow.m; sourceTree = "<group>"; };
		600DBF541718DEE700F15020 /* StackerBox.h */ = {isa = PBXFileReference; fileEncoding = 4; lastKnownFileType = sourcecode.c.h; path = StackerBox.h; sourceTree = "<group>"; };
		600DBF551718DEE700F15020 /* StackerBox.m */ = {isa = PBXFileReference; fileEncoding = 4; lastKnownFileType = sourcecode.c.objc; path = StackerBox.m; sourceTree = "<group>"; };
		600DBF571718EBCD00F15020 /* StackerView.h */ = {isa = PBXFileReference; fileEncoding = 4; lastKnownFileType = sourcecode.c.h; path = StackerView.h; sourceTree = "<group>"; };
		600DBF581718EBCD00F15020 /* StackerView.m */ = {isa = PBXFileReference; fileEncoding = 4; lastKnownFileType = sourcecode.c.objc; path = StackerView.m; sourceTree = "<group>"; };
		6071F98F1720FC38008A1DAE /* Icon.png */ = {isa = PBXFileReference; lastKnownFileType = image.png; path = Icon.png; sourceTree = "<group>"; };
		6071F9911720FC8A008A1DAE /* Icon-s.png */ = {isa = PBXFileReference; lastKnownFileType = image.png; path = "Icon-s.png"; sourceTree = "<group>"; };
		60834D71171E80AF004943FA /* StackerLevel.plist */ = {isa = PBXFileReference; fileEncoding = 4; lastKnownFileType = text.plist.xml; path = StackerLevel.plist; sourceTree = "<group>"; };
		60834D74171E8868004943FA /* MenuViewController.h */ = {isa = PBXFileReference; fileEncoding = 4; lastKnownFileType = sourcecode.c.h; path = MenuViewController.h; sourceTree = "<group>"; };
		60834D75171E8868004943FA /* MenuViewController.m */ = {isa = PBXFileReference; fileEncoding = 4; lastKnownFileType = sourcecode.c.objc; path = MenuViewController.m; sourceTree = "<group>"; };
		60834D76171E8868004943FA /* MenuViewController.xib */ = {isa = PBXFileReference; fileEncoding = 4; lastKnownFileType = file.xib; path = MenuViewController.xib; sourceTree = "<group>"; };
		60834D79171E8D25004943FA /* yellow-coin@2x.png */ = {isa = PBXFileReference; lastKnownFileType = image.png; path = "yellow-coin@2x.png"; sourceTree = "<group>"; };
		60834D7B171E9752004943FA /* lightbulb.png */ = {isa = PBXFileReference; lastKnownFileType = image.png; path = lightbulb.png; sourceTree = "<group>"; };
		60A6C5AB1719438600E2A1D3 /* Constants.h */ = {isa = PBXFileReference; lastKnownFileType = sourcecode.c.h; path = Constants.h; sourceTree = "<group>"; };
		60ED7DD41751A079001F7258 /* PBDealsRowView.h */ = {isa = PBXFileReference; fileEncoding = 4; lastKnownFileType = sourcecode.c.h; path = PBDealsRowView.h; sourceTree = "<group>"; };
		60ED7DD51751A079001F7258 /* PBDealsRowView.m */ = {isa = PBXFileReference; fileEncoding = 4; lastKnownFileType = sourcecode.c.objc; path = PBDealsRowView.m; sourceTree = "<group>"; };
		60ED7DD71751A090001F7258 /* PBDealsRowView.xib */ = {isa = PBXFileReference; fileEncoding = 4; lastKnownFileType = file.xib; path = PBDealsRowView.xib; sourceTree = "<group>"; };
		60ED7DD91751AD17001F7258 /* PBDealDetailsViewController.h */ = {isa = PBXFileReference; fileEncoding = 4; lastKnownFileType = sourcecode.c.h; path = PBDealDetailsViewController.h; sourceTree = "<group>"; };
		60ED7DDA1751AD17001F7258 /* PBDealDetailsViewController.m */ = {isa = PBXFileReference; fileEncoding = 4; lastKnownFileType = sourcecode.c.objc; path = PBDealDetailsViewController.m; sourceTree = "<group>"; };
		60ED7DDB1751AD18001F7258 /* PBDealDetailsViewController.xib */ = {isa = PBXFileReference; fileEncoding = 4; lastKnownFileType = file.xib; path = PBDealDetailsViewController.xib; sourceTree = "<group>"; };
		60ED7DE81751B1BE001F7258 /* PlaybulbDeals.plist */ = {isa = PBXFileReference; fileEncoding = 4; lastKnownFileType = text.plist.xml; path = PlaybulbDeals.plist; sourceTree = "<group>"; };
		60ED7E031751B854001F7258 /* alexanders-steakhouse.png */ = {isa = PBXFileReference; lastKnownFileType = image.png; path = "alexanders-steakhouse.png"; sourceTree = "<group>"; };
		60ED7E041751B854001F7258 /* amazon.png */ = {isa = PBXFileReference; lastKnownFileType = image.png; path = amazon.png; sourceTree = "<group>"; };
		60ED7E051751B854001F7258 /* aritzia.png */ = {isa = PBXFileReference; lastKnownFileType = image.png; path = aritzia.png; sourceTree = "<group>"; };
		60ED7E061751B854001F7258 /* beauty-fusion-salon.png */ = {isa = PBXFileReference; lastKnownFileType = image.png; path = "beauty-fusion-salon.png"; sourceTree = "<group>"; };
		60ED7E071751B854001F7258 /* elements-therapeutic-massage.png */ = {isa = PBXFileReference; lastKnownFileType = image.png; path = "elements-therapeutic-massage.png"; sourceTree = "<group>"; };
		60ED7E081751B854001F7258 /* jurans-hair-salon.png */ = {isa = PBXFileReference; lastKnownFileType = image.png; path = "jurans-hair-salon.png"; sourceTree = "<group>"; };
		60ED7E091751B854001F7258 /* le-papillon.png */ = {isa = PBXFileReference; lastKnownFileType = image.png; path = "le-papillon.png"; sourceTree = "<group>"; };
		60ED7E0A1751B854001F7258 /* mcdonalds.png */ = {isa = PBXFileReference; lastKnownFileType = image.png; path = mcdonalds.png; sourceTree = "<group>"; };
		60ED7E0B1751B855001F7258 /* parcel-104.png */ = {isa = PBXFileReference; lastKnownFileType = image.png; path = "parcel-104.png"; sourceTree = "<group>"; };
		60ED7E0C1751B855001F7258 /* safeway.png */ = {isa = PBXFileReference; lastKnownFileType = image.png; path = safeway.png; sourceTree = "<group>"; };
		60ED7E0D1751B855001F7258 /* san-francisco-shirt-company.png */ = {isa = PBXFileReference; lastKnownFileType = image.png; path = "san-francisco-shirt-company.png"; sourceTree = "<group>"; };
		60ED7E0E1751B855001F7258 /* sawa-sushi.png */ = {isa = PBXFileReference; lastKnownFileType = image.png; path = "sawa-sushi.png"; sourceTree = "<group>"; };
		60ED7E0F1751B855001F7258 /* sol-tan-salon.png */ = {isa = PBXFileReference; lastKnownFileType = image.png; path = "sol-tan-salon.png"; sourceTree = "<group>"; };
		60ED7E101751B855001F7258 /* swati-couture-indian-fashions.png */ = {isa = PBXFileReference; lastKnownFileType = image.png; path = "swati-couture-indian-fashions.png"; sourceTree = "<group>"; };
		60ED7E111751B855001F7258 /* tarragon-restaurant.png */ = {isa = PBXFileReference; lastKnownFileType = image.png; path = "tarragon-restaurant.png"; sourceTree = "<group>"; };
		60ED7E121751B856001F7258 /* urban-darling.png */ = {isa = PBXFileReference; lastKnownFileType = image.png; path = "urban-darling.png"; sourceTree = "<group>"; };
		60ED7E131751B856001F7258 /* white-house-black-market.png */ = {isa = PBXFileReference; lastKnownFileType = image.png; path = "white-house-black-market.png"; sourceTree = "<group>"; };
		60ED7E251753FC90001F7258 /* navy_blue_@2X.png */ = {isa = PBXFileReference; lastKnownFileType = image.png; path = "navy_blue_@2X.png"; sourceTree = "<group>"; };
		60F0AEFD17518FEC00CFCC21 /* PBDeal.h */ = {isa = PBXFileReference; fileEncoding = 4; lastKnownFileType = sourcecode.c.h; path = PBDeal.h; sourceTree = "<group>"; };
		60F0AEFE17518FEC00CFCC21 /* PBDeal.m */ = {isa = PBXFileReference; fileEncoding = 4; lastKnownFileType = sourcecode.c.objc; path = PBDeal.m; sourceTree = "<group>"; };
		60F0AF001751912800CFCC21 /* PBDealView.h */ = {isa = PBXFileReference; fileEncoding = 4; lastKnownFileType = sourcecode.c.h; path = PBDealView.h; sourceTree = "<group>"; };
		60F0AF011751912900CFCC21 /* PBDealView.m */ = {isa = PBXFileReference; fileEncoding = 4; lastKnownFileType = sourcecode.c.objc; path = PBDealView.m; sourceTree = "<group>"; };
		60F0AF031751913B00CFCC21 /* PBDealView.xib */ = {isa = PBXFileReference; fileEncoding = 4; lastKnownFileType = file.xib; path = PBDealView.xib; sourceTree = "<group>"; };
		60F0AF05175191CD00CFCC21 /* PBDealsViewController.h */ = {isa = PBXFileReference; fileEncoding = 4; lastKnownFileType = sourcecode.c.h; path = PBDealsViewController.h; sourceTree = "<group>"; };
		60F0AF06175191CE00CFCC21 /* PBDealsViewController.m */ = {isa = PBXFileReference; fileEncoding = 4; lastKnownFileType = sourcecode.c.objc; path = PBDealsViewController.m; sourceTree = "<group>"; };
		60F0AF07175191CF00CFCC21 /* PBDealsViewController.xib */ = {isa = PBXFileReference; fileEncoding = 4; lastKnownFileType = file.xib; path = PBDealsViewController.xib; sourceTree = "<group>"; };
/* End PBXFileReference section */

/* Begin PBXFrameworksBuildPhase section */
		600DBF251718DD5F00F15020 /* Frameworks */ = {
			isa = PBXFrameworksBuildPhase;
			buildActionMask = 2147483647;
			files = (
				600DBF2C1718DD5F00F15020 /* UIKit.framework in Frameworks */,
				600DBF2E1718DD5F00F15020 /* Foundation.framework in Frameworks */,
				600DBF301718DD5F00F15020 /* CoreGraphics.framework in Frameworks */,
			);
			runOnlyForDeploymentPostprocessing = 0;
		};
/* End PBXFrameworksBuildPhase section */

/* Begin PBXGroup section */
		600DBF1F1718DD5F00F15020 = {
			isa = PBXGroup;
			children = (
				6071F9911720FC8A008A1DAE /* Icon-s.png */,
				6071F98F1720FC38008A1DAE /* Icon.png */,
				600DBF311718DD5F00F15020 /* Stacker */,
				600DBF2A1718DD5F00F15020 /* Frameworks */,
				600DBF291718DD5F00F15020 /* Products */,
			);
			sourceTree = "<group>";
		};
		600DBF291718DD5F00F15020 /* Products */ = {
			isa = PBXGroup;
			children = (
				600DBF281718DD5F00F15020 /* Stacker.app */,
			);
			name = Products;
			sourceTree = "<group>";
		};
		600DBF2A1718DD5F00F15020 /* Frameworks */ = {
			isa = PBXGroup;
			children = (
				600DBF2B1718DD5F00F15020 /* UIKit.framework */,
				600DBF2D1718DD5F00F15020 /* Foundation.framework */,
				600DBF2F1718DD5F00F15020 /* CoreGraphics.framework */,
			);
			name = Frameworks;
			sourceTree = "<group>";
		};
		600DBF311718DD5F00F15020 /* Stacker */ = {
			isa = PBXGroup;
			children = (
				60ED7E251753FC90001F7258 /* navy_blue_@2X.png */,
				60834D7B171E9752004943FA /* lightbulb.png */,
				60834D79171E8D25004943FA /* yellow-coin@2x.png */,
				60834D82171E9C2A004943FA /* Playmon */,
				60834D73171E880E004943FA /* Stacker Game */,
				600DBF3A1718DD5F00F15020 /* AppDelegate.h */,
				600DBF3B1718DD5F00F15020 /* AppDelegate.m */,
				60834D74171E8868004943FA /* MenuViewController.h */,
				60834D75171E8868004943FA /* MenuViewController.m */,
				60834D76171E8868004943FA /* MenuViewController.xib */,
				600DBF431718DD5F00F15020 /* GameViewController.h */,
				600DBF441718DD5F00F15020 /* GameViewController.m */,
				600DBF461718DD5F00F15020 /* GameViewController.xib */,
				60A6C5AB1719438600E2A1D3 /* Constants.h */,
				600DBF321718DD5F00F15020 /* Supporting Files */,
			);
			path = Stacker;
			sourceTree = "<group>";
		};
		600DBF321718DD5F00F15020 /* Supporting Files */ = {
			isa = PBXGroup;
			children = (
				600DBF331718DD5F00F15020 /* Stacker-Info.plist */,
				600DBF341718DD5F00F15020 /* InfoPlist.strings */,
				600DBF371718DD5F00F15020 /* main.m */,
				600DBF391718DD5F00F15020 /* Stacker-Prefix.pch */,
				600DBF3D1718DD5F00F15020 /* Default.png */,
				600DBF3F1718DD5F00F15020 /* Default@2x.png */,
				600DBF411718DD5F00F15020 /* Default-568h@2x.png */,
			);
			name = "Supporting Files";
			sourceTree = "<group>";
		};
		60834D73171E880E004943FA /* Stacker Game */ = {
			isa = PBXGroup;
			children = (
				600DBF571718EBCD00F15020 /* StackerView.h */,
				600DBF581718EBCD00F15020 /* StackerView.m */,
				600DBF4E1718DD8500F15020 /* StackerRow.h */,
				600DBF4F1718DD8500F15020 /* StackerRow.m */,
				600DBF541718DEE700F15020 /* StackerBox.h */,
				600DBF551718DEE700F15020 /* StackerBox.m */,
				60834D71171E80AF004943FA /* StackerLevel.plist */,
			);
			name = "Stacker Game";
			sourceTree = "<group>";
		};
		60834D82171E9C2A004943FA /* Playmon */ = {
			isa = PBXGroup;
			children = (
				60ED7DDE1751B1BE001F7258 /* Deals */,
				60F0AEFD17518FEC00CFCC21 /* PBDeal.h */,
				60F0AEFE17518FEC00CFCC21 /* PBDeal.m */,
				60ED7DD91751AD17001F7258 /* PBDealDetailsViewController.h */,
				60ED7DDA1751AD17001F7258 /* PBDealDetailsViewController.m */,
				60ED7DDB1751AD18001F7258 /* PBDealDetailsViewController.xib */,
				60F0AF001751912800CFCC21 /* PBDealView.h */,
				60F0AF011751912900CFCC21 /* PBDealView.m */,
				60F0AF031751913B00CFCC21 /* PBDealView.xib */,
				60ED7DD41751A079001F7258 /* PBDealsRowView.h */,
				60ED7DD51751A079001F7258 /* PBDealsRowView.m */,
				60ED7DD71751A090001F7258 /* PBDealsRowView.xib */,
				60F0AF05175191CD00CFCC21 /* PBDealsViewController.h */,
				60F0AF06175191CE00CFCC21 /* PBDealsViewController.m */,
				60F0AF07175191CF00CFCC21 /* PBDealsViewController.xib */,
			);
			name = Playmon;
			sourceTree = "<group>";
		};
		60ED7DDE1751B1BE001F7258 /* Deals */ = {
			isa = PBXGroup;
			children = (
				60ED7DE81751B1BE001F7258 /* PlaybulbDeals.plist */,
				60ED7E031751B854001F7258 /* alexanders-steakhouse.png */,
				60ED7E041751B854001F7258 /* amazon.png */,
				60ED7E051751B854001F7258 /* aritzia.png */,
				60ED7E061751B854001F7258 /* beauty-fusion-salon.png */,
				60ED7E071751B854001F7258 /* elements-therapeutic-massage.png */,
				60ED7E081751B854001F7258 /* jurans-hair-salon.png */,
				60ED7E091751B854001F7258 /* le-papillon.png */,
				60ED7E0A1751B854001F7258 /* mcdonalds.png */,
				60ED7E0B1751B855001F7258 /* parcel-104.png */,
				60ED7E0C1751B855001F7258 /* safeway.png */,
				60ED7E0D1751B855001F7258 /* san-francisco-shirt-company.png */,
				60ED7E0E1751B855001F7258 /* sawa-sushi.png */,
				60ED7E0F1751B855001F7258 /* sol-tan-salon.png */,
				60ED7E101751B855001F7258 /* swati-couture-indian-fashions.png */,
				60ED7E111751B855001F7258 /* tarragon-restaurant.png */,
				60ED7E121751B856001F7258 /* urban-darling.png */,
				60ED7E131751B856001F7258 /* white-house-black-market.png */,
			);
			path = Deals;
			sourceTree = "<group>";
		};
/* End PBXGroup section */

/* Begin PBXNativeTarget section */
		600DBF271718DD5F00F15020 /* Stacker */ = {
			isa = PBXNativeTarget;
			buildConfigurationList = 600DBF4B1718DD5F00F15020 /* Build configuration list for PBXNativeTarget "Stacker" */;
			buildPhases = (
				600DBF241718DD5F00F15020 /* Sources */,
				600DBF251718DD5F00F15020 /* Frameworks */,
				600DBF261718DD5F00F15020 /* Resources */,
			);
			buildRules = (
			);
			dependencies = (
			);
			name = Stacker;
			productName = Stacker;
			productReference = 600DBF281718DD5F00F15020 /* Stacker.app */;
			productType = "com.apple.product-type.application";
		};
/* End PBXNativeTarget section */

/* Begin PBXProject section */
		600DBF201718DD5F00F15020 /* Project object */ = {
			isa = PBXProject;
			attributes = {
				LastUpgradeCheck = 0460;
				ORGANIZATIONNAME = Playmon;
			};
			buildConfigurationList = 600DBF231718DD5F00F15020 /* Build configuration list for PBXProject "Stacker" */;
			compatibilityVersion = "Xcode 3.2";
			developmentRegion = English;
			hasScannedForEncodings = 0;
			knownRegions = (
				en,
			);
			mainGroup = 600DBF1F1718DD5F00F15020;
			productRefGroup = 600DBF291718DD5F00F15020 /* Products */;
			projectDirPath = "";
			projectRoot = "";
			targets = (
				600DBF271718DD5F00F15020 /* Stacker */,
			);
		};
/* End PBXProject section */

/* Begin PBXResourcesBuildPhase section */
		600DBF261718DD5F00F15020 /* Resources */ = {
			isa = PBXResourcesBuildPhase;
			buildActionMask = 2147483647;
			files = (
				600DBF361718DD5F00F15020 /* InfoPlist.strings in Resources */,
				600DBF3E1718DD5F00F15020 /* Default.png in Resources */,
				600DBF401718DD5F00F15020 /* Default@2x.png in Resources */,
				600DBF421718DD5F00F15020 /* Default-568h@2x.png in Resources */,
				600DBF481718DD5F00F15020 /* GameViewController.xib in Resources */,
				60834D72171E80AF004943FA /* StackerLevel.plist in Resources */,
				60834D78171E8868004943FA /* MenuViewController.xib in Resources */,
				60834D7A171E8D25004943FA /* yellow-coin@2x.png in Resources */,
				60834D7C171E9752004943FA /* lightbulb.png in Resources */,
				6071F9901720FC38008A1DAE /* Icon.png in Resources */,
				6071F9921720FC8B008A1DAE /* Icon-s.png in Resources */,
				60F0AF041751913B00CFCC21 /* PBDealView.xib in Resources */,
				60F0AF09175191D000CFCC21 /* PBDealsViewController.xib in Resources */,
				60ED7DD81751A091001F7258 /* PBDealsRowView.xib in Resources */,
				60ED7DDD1751AD18001F7258 /* PBDealDetailsViewController.xib in Resources */,
				60ED7DFA1751B1BE001F7258 /* PlaybulbDeals.plist in Resources */,
				60ED7E141751B856001F7258 /* alexanders-steakhouse.png in Resources */,
				60ED7E151751B856001F7258 /* amazon.png in Resources */,
				60ED7E161751B856001F7258 /* aritzia.png in Resources */,
				60ED7E171751B856001F7258 /* beauty-fusion-salon.png in Resources */,
				60ED7E181751B856001F7258 /* elements-therapeutic-massage.png in Resources */,
				60ED7E191751B856001F7258 /* jurans-hair-salon.png in Resources */,
				60ED7E1A1751B856001F7258 /* le-papillon.png in Resources */,
				60ED7E1B1751B856001F7258 /* mcdonalds.png in Resources */,
				60ED7E1C1751B856001F7258 /* parcel-104.png in Resources */,
				60ED7E1D1751B856001F7258 /* safeway.png in Resources */,
				60ED7E1E1751B856001F7258 /* san-francisco-shirt-company.png in Resources */,
				60ED7E1F1751B856001F7258 /* sawa-sushi.png in Resources */,
				60ED7E201751B856001F7258 /* sol-tan-salon.png in Resources */,
				60ED7E211751B856001F7258 /* swati-couture-indian-fashions.png in Resources */,
				60ED7E221751B856001F7258 /* tarragon-restaurant.png in Resources */,
				60ED7E231751B856001F7258 /* urban-darling.png in Resources */,
				60ED7E241751B856001F7258 /* white-house-black-market.png in Resources */,
				60ED7E261753FC90001F7258 /* navy_blue_@2X.png in Resources */,
			);
			runOnlyForDeploymentPostprocessing = 0;
		};
/* End PBXResourcesBuildPhase section */

/* Begin PBXSourcesBuildPhase section */
		600DBF241718DD5F00F15020 /* Sources */ = {
			isa = PBXSourcesBuildPhase;
			buildActionMask = 2147483647;
			files = (
				600DBF381718DD5F00F15020 /* main.m in Sources */,
				600DBF3C1718DD5F00F15020 /* AppDelegate.m in Sources */,
				600DBF451718DD5F00F15020 /* GameViewController.m in Sources */,
				600DBF501718DD8500F15020 /* StackerRow.m in Sources */,
				600DBF561718DEE700F15020 /* StackerBox.m in Sources */,
				600DBF591718EBCD00F15020 /* StackerView.m in Sources */,
				60834D77171E8868004943FA /* MenuViewController.m in Sources */,
				60F0AEFF17518FEC00CFCC21 /* PBDeal.m in Sources */,
				60F0AF021751912900CFCC21 /* PBDealView.m in Sources */,
				60F0AF08175191D000CFCC21 /* PBDealsViewController.m in Sources */,
				60ED7DD61751A07A001F7258 /* PBDealsRowView.m in Sources */,
				60ED7DDC1751AD18001F7258 /* PBDealDetailsViewController.m in Sources */,
			);
			runOnlyForDeploymentPostprocessing = 0;
		};
/* End PBXSourcesBuildPhase section */

/* Begin PBXVariantGroup section */
		600DBF341718DD5F00F15020 /* InfoPlist.strings */ = {
			isa = PBXVariantGroup;
			children = (
				600DBF351718DD5F00F15020 /* en */,
			);
			name = InfoPlist.strings;
			sourceTree = "<group>";
		};
		600DBF461718DD5F00F15020 /* GameViewController.xib */ = {
			isa = PBXVariantGroup;
			children = (
				600DBF471718DD5F00F15020 /* en */,
			);
			name = GameViewController.xib;
			sourceTree = "<group>";
		};
/* End PBXVariantGroup section */

/* Begin XCBuildConfiguration section */
		600DBF491718DD5F00F15020 /* Debug */ = {
			isa = XCBuildConfiguration;
			buildSettings = {
				ALWAYS_SEARCH_USER_PATHS = NO;
				CLANG_CXX_LANGUAGE_STANDARD = "gnu++0x";
				CLANG_CXX_LIBRARY = "libc++";
				CLANG_ENABLE_OBJC_ARC = YES;
				CLANG_WARN_CONSTANT_CONVERSION = YES;
				CLANG_WARN_EMPTY_BODY = YES;
				CLANG_WARN_ENUM_CONVERSION = YES;
				CLANG_WARN_INT_CONVERSION = YES;
				CLANG_WARN__DUPLICATE_METHOD_MATCH = YES;
				"CODE_SIGN_IDENTITY[sdk=iphoneos*]" = "iPhone Developer";
				COPY_PHASE_STRIP = NO;
				GCC_C_LANGUAGE_STANDARD = gnu99;
				GCC_DYNAMIC_NO_PIC = NO;
				GCC_OPTIMIZATION_LEVEL = 0;
				GCC_PREPROCESSOR_DEFINITIONS = (
					"DEBUG=1",
					"$(inherited)",
				);
				GCC_SYMBOLS_PRIVATE_EXTERN = NO;
				GCC_WARN_ABOUT_RETURN_TYPE = YES;
				GCC_WARN_UNINITIALIZED_AUTOS = YES;
				GCC_WARN_UNUSED_VARIABLE = YES;
				IPHONEOS_DEPLOYMENT_TARGET = 6.1;
				ONLY_ACTIVE_ARCH = YES;
				SDKROOT = iphoneos;
			};
			name = Debug;
		};
		600DBF4A1718DD5F00F15020 /* Release */ = {
			isa = XCBuildConfiguration;
			buildSettings = {
				ALWAYS_SEARCH_USER_PATHS = NO;
				CLANG_CXX_LANGUAGE_STANDARD = "gnu++0x";
				CLANG_CXX_LIBRARY = "libc++";
				CLANG_ENABLE_OBJC_ARC = YES;
				CLANG_WARN_CONSTANT_CONVERSION = YES;
				CLANG_WARN_EMPTY_BODY = YES;
				CLANG_WARN_ENUM_CONVERSION = YES;
				CLANG_WARN_INT_CONVERSION = YES;
				CLANG_WARN__DUPLICATE_METHOD_MATCH = YES;
				"CODE_SIGN_IDENTITY[sdk=iphoneos*]" = "iPhone Developer";
				COPY_PHASE_STRIP = YES;
				GCC_C_LANGUAGE_STANDARD = gnu99;
				GCC_WARN_ABOUT_RETURN_TYPE = YES;
				GCC_WARN_UNINITIALIZED_AUTOS = YES;
				GCC_WARN_UNUSED_VARIABLE = YES;
				IPHONEOS_DEPLOYMENT_TARGET = 6.1;
				OTHER_CFLAGS = "-DNS_BLOCK_ASSERTIONS=1";
				SDKROOT = iphoneos;
				VALIDATE_PRODUCT = YES;
			};
			name = Release;
		};
		600DBF4C1718DD5F00F15020 /* Debug */ = {
			isa = XCBuildConfiguration;
			buildSettings = {
				GCC_PRECOMPILE_PREFIX_HEADER = YES;
				GCC_PREFIX_HEADER = "Stacker/Stacker-Prefix.pch";
				INFOPLIST_FILE = "Stacker/Stacker-Info.plist";
				PRODUCT_NAME = "$(TARGET_NAME)";
				WRAPPER_EXTENSION = app;
			};
			name = Debug;
		};
		600DBF4D1718DD5F00F15020 /* Release */ = {
			isa = XCBuildConfiguration;
			buildSettings = {
				GCC_PRECOMPILE_PREFIX_HEADER = YES;
				GCC_PREFIX_HEADER = "Stacker/Stacker-Prefix.pch";
				INFOPLIST_FILE = "Stacker/Stacker-Info.plist";
				PRODUCT_NAME = "$(TARGET_NAME)";
				WRAPPER_EXTENSION = app;
			};
			name = Release;
		};
/* End XCBuildConfiguration section */

/* Begin XCConfigurationList section */
		600DBF231718DD5F00F15020 /* Build configuration list for PBXProject "Stacker" */ = {
			isa = XCConfigurationList;
			buildConfigurations = (
				600DBF491718DD5F00F15020 /* Debug */,
				600DBF4A1718DD5F00F15020 /* Release */,
			);
			defaultConfigurationIsVisible = 0;
			defaultConfigurationName = Release;
		};
		600DBF4B1718DD5F00F15020 /* Build configuration list for PBXNativeTarget "Stacker" */ = {
			isa = XCConfigurationList;
			buildConfigurations = (
				600DBF4C1718DD5F00F15020 /* Debug */,
				600DBF4D1718DD5F00F15020 /* Release */,
			);
			defaultConfigurationIsVisible = 0;
			defaultConfigurationName = Release;
		};
/* End XCConfigurationList section */
	};
	rootObject = 600DBF201718DD5F00F15020 /* Project object */;
}
